
Microsoft Visual Studio Solution File, Format Version 12.00
# Visual Studio 2013
VisualStudioVersion = 12.0.40629.0
MinimumVisualStudioVersion = 10.0.40219.1
Project("{FAE04EC0-301F-11D3-BF4B-00C04F79EFBC}") = "SWGUIFontConverter", "uifontconverter\SWGUIFontConverter.csproj", "{C6BAA5F9-CE75-4C33-BD40-F372FE7C5A4E}"
EndProject
Project("{FAE04EC0-301F-11D3-BF4B-00C04F79EFBC}") = "SWGUITextStyleGenerator", "SWGUITextStyleGenerator\SWGUITextStyleGenerator.csproj", "{14F3715A-77B6-4B39-A663-10FB1FA5E4C1}"
EndProject
Project("{FAE04EC0-301F-11D3-BF4B-00C04F79EFBC}") = "BatchUIFontConverter", "BatchUIFontConverter\BatchUIFontConverter.csproj", "{BC249B34-B7F8-4555-9E82-DE33A4EA440A}"
EndProject
Project("{FAE04EC0-301F-11D3-BF4B-00C04F79EFBC}") = "Cyotek.Drawing.BitmapFont", "Cyotek.Drawing.BitmapFont\src\Cyotek.Drawing.BitmapFont\Cyotek.Drawing.BitmapFont.csproj", "{A8E42972-0BC3-4F26-99DF-87B6379E875F}"
EndProject
Global
	GlobalSection(SolutionConfigurationPlatforms) = preSolution
		Debug|Any CPU = Debug|Any CPU
		Debug|Mixed Platforms = Debug|Mixed Platforms
		Debug|x64 = Debug|x64
		Debug|x86 = Debug|x86
		Release|Any CPU = Release|Any CPU
		Release|Mixed Platforms = Release|Mixed Platforms
		Release|x64 = Release|x64
		Release|x86 = Release|x86
	EndGlobalSection
	GlobalSection(ProjectConfigurationPlatforms) = postSolution
		{C6BAA5F9-CE75-4C33-BD40-F372FE7C5A4E}.Debug|Any CPU.ActiveCfg = Debug|Any CPU
		{C6BAA5F9-CE75-4C33-BD40-F372FE7C5A4E}.Debug|Any CPU.Build.0 = Debug|Any CPU
		{C6BAA5F9-CE75-4C33-BD40-F372FE7C5A4E}.Debug|Mixed Platforms.ActiveCfg = Debug|x86
		{C6BAA5F9-CE75-4C33-BD40-F372FE7C5A4E}.Debug|Mixed Platforms.Build.0 = Debug|x86
		{C6BAA5F9-CE75-4C33-BD40-F372FE7C5A4E}.Debug|x64.ActiveCfg = Debug|x64
		{C6BAA5F9-CE75-4C33-BD40-F372FE7C5A4E}.Debug|x64.Build.0 = Debug|x64
		{C6BAA5F9-CE75-4C33-BD40-F372FE7C5A4E}.Debug|x86.ActiveCfg = Debug|x86
		{C6BAA5F9-CE75-4C33-BD40-F372FE7C5A4E}.Debug|x86.Build.0 = Debug|x86
		{C6BAA5F9-CE75-4C33-BD40-F372FE7C5A4E}.Release|Any CPU.ActiveCfg = Release|Any CPU
		{C6BAA5F9-CE75-4C33-BD40-F372FE7C5A4E}.Release|Any CPU.Build.0 = Release|Any CPU
		{C6BAA5F9-CE75-4C33-BD40-F372FE7C5A4E}.Release|Mixed Platforms.ActiveCfg = Release|x86
		{C6BAA5F9-CE75-4C33-BD40-F372FE7C5A4E}.Release|Mixed Platforms.Build.0 = Release|x86
		{C6BAA5F9-CE75-4C33-BD40-F372FE7C5A4E}.Release|x64.ActiveCfg = Release|x64
		{C6BAA5F9-CE75-4C33-BD40-F372FE7C5A4E}.Release|x64.Build.0 = Release|x64
		{C6BAA5F9-CE75-4C33-BD40-F372FE7C5A4E}.Release|x86.ActiveCfg = Release|x86
		{C6BAA5F9-CE75-4C33-BD40-F372FE7C5A4E}.Release|x86.Build.0 = Release|x86
		{14F3715A-77B6-4B39-A663-10FB1FA5E4C1}.Debug|Any CPU.ActiveCfg = Debug|x86
		{14F3715A-77B6-4B39-A663-10FB1FA5E4C1}.Debug|Mixed Platforms.ActiveCfg = Debug|x86
		{14F3715A-77B6-4B39-A663-10FB1FA5E4C1}.Debug|Mixed Platforms.Build.0 = Debug|x86
		{14F3715A-77B6-4B39-A663-10FB1FA5E4C1}.Debug|x64.ActiveCfg = Debug|x64
		{14F3715A-77B6-4B39-A663-10FB1FA5E4C1}.Debug|x64.Build.0 = Debug|x64
		{14F3715A-77B6-4B39-A663-10FB1FA5E4C1}.Debug|x86.ActiveCfg = Debug|x86
		{14F3715A-77B6-4B39-A663-10FB1FA5E4C1}.Debug|x86.Build.0 = Debug|x86
		{14F3715A-77B6-4B39-A663-10FB1FA5E4C1}.Release|Any CPU.ActiveCfg = Release|x86
		{14F3715A-77B6-4B39-A663-10FB1FA5E4C1}.Release|Mixed Platforms.ActiveCfg = Release|x86
		{14F3715A-77B6-4B39-A663-10FB1FA5E4C1}.Release|Mixed Platforms.Build.0 = Release|x86
		{14F3715A-77B6-4B39-A663-10FB1FA5E4C1}.Release|x64.ActiveCfg = Release|x64
		{14F3715A-77B6-4B39-A663-10FB1FA5E4C1}.Release|x64.Build.0 = Release|x64
		{14F3715A-77B6-4B39-A663-10FB1FA5E4C1}.Release|x86.ActiveCfg = Release|x86
		{14F3715A-77B6-4B39-A663-10FB1FA5E4C1}.Release|x86.Build.0 = Release|x86
		{BC249B34-B7F8-4555-9E82-DE33A4EA440A}.Debug|Any CPU.ActiveCfg = Debug|Any CPU
		{BC249B34-B7F8-4555-9E82-DE33A4EA440A}.Debug|Any CPU.Build.0 = Debug|Any CPU
		{BC249B34-B7F8-4555-9E82-DE33A4EA440A}.Debug|Mixed Platforms.ActiveCfg = Debug|Any CPU
		{BC249B34-B7F8-4555-9E82-DE33A4EA440A}.Debug|Mixed Platforms.Build.0 = Debug|Any CPU
		{BC249B34-B7F8-4555-9E82-DE33A4EA440A}.Debug|x64.ActiveCfg = Debug|Any CPU
		{BC249B34-B7F8-4555-9E82-DE33A4EA440A}.Debug|x86.ActiveCfg = Debug|Any CPU
		{BC249B34-B7F8-4555-9E82-DE33A4EA440A}.Release|Any CPU.ActiveCfg = Release|Any CPU
		{BC249B34-B7F8-4555-9E82-DE33A4EA440A}.Release|Any CPU.Build.0 = Release|Any CPU
		{BC249B34-B7F8-4555-9E82-DE33A4EA440A}.Release|Mixed Platforms.ActiveCfg = Release|Any CPU
		{BC249B34-B7F8-4555-9E82-DE33A4EA440A}.Release|Mixed Platforms.Build.0 = Release|Any CPU
		{BC249B34-B7F8-4555-9E82-DE33A4EA440A}.Release|x64.ActiveCfg = Release|Any CPU
		{BC249B34-B7F8-4555-9E82-DE33A4EA440A}.Release|x86.ActiveCfg = Release|Any CPU
		{A8E42972-0BC3-4F26-99DF-87B6379E875F}.Debug|Any CPU.ActiveCfg = Debug|Any CPU
		{A8E42972-0BC3-4F26-99DF-87B6379E875F}.Debug|Any CPU.Build.0 = Debug|Any CPU
		{A8E42972-0BC3-4F26-99DF-87B6379E875F}.Debug|Mixed Platforms.ActiveCfg = Debug|Any CPU
		{A8E42972-0BC3-4F26-99DF-87B6379E875F}.Debug|Mixed Platforms.Build.0 = Debug|Any CPU
		{A8E42972-0BC3-4F26-99DF-87B6379E875F}.Debug|x64.ActiveCfg = Debug|Any CPU
		{A8E42972-0BC3-4F26-99DF-87B6379E875F}.Debug|x86.ActiveCfg = Debug|Any CPU
		{A8E42972-0BC3-4F26-99DF-87B6379E875F}.Release|Any CPU.ActiveCfg = Release|Any CPU
		{A8E42972-0BC3-4F26-99DF-87B6379E875F}.Release|Any CPU.Build.0 = Release|Any CPU
		{A8E42972-0BC3-4F26-99DF-87B6379E875F}.Release|Mixed Platforms.ActiveCfg = Release|Any CPU
		{A8E42972-0BC3-4F26-99DF-87B6379E875F}.Release|Mixed Platforms.Build.0 = Release|Any CPU
		{A8E42972-0BC3-4F26-99DF-87B6379E875F}.Release|x64.ActiveCfg = Release|Any CPU
		{A8E42972-0BC3-4F26-99DF-87B6379E875F}.Release|x86.ActiveCfg = Release|Any CPU
	EndGlobalSection
	GlobalSection(SolutionProperties) = preSolution
		HideSolutionNode = FALSE
	EndGlobalSection
EndGlobal
